# This file is automatically @generated by Cargo.
# It is not intended for manual editing.
version = 4

[[package]]
name = "gitbull-app"
version = "0.1.0"
dependencies = [
 "gitbull-core",
]

[[package]]
name = "gitbull-core"
version = "0.1.0"
dependencies = [
 "gitbull-git",
]

[[package]]
name = "gitbull-git"
version = "0.1.0"
